
Microsoft Visual Studio Solution File, Format Version 12.00
# Visual Studio Version 17
VisualStudioVersion = 17.8.34330.188
MinimumVisualStudioVersion = 10.0.40219.1
Project("{FAE04EC0-301F-11D3-BF4B-00C04F79EFBC}") = "MyFirstProgram", "MyFirstProgram\MyFirstProgram.csproj", "{76F753AB-7A05-4C47-8E19-7D50901BA9AC}"
EndProject
Global
	GlobalSection(SolutionConfigurationPlatforms) = preSolution
		Debug|Any CPU = Debug|Any CPU
		Release|Any CPU = Release|Any CPU
	EndGlobalSection
	GlobalSection(ProjectConfigurationPlatforms) = postSolution
		{76F753AB-7A05-4C47-8E19-7D50901BA9AC}.Debug|Any CPU.ActiveCfg = Debug|Any CPU
		{76F753AB-7A05-4C47-8E19-7D50901BA9AC}.Debug|Any CPU.Build.0 = Debug|Any CPU
		{76F753AB-7A05-4C47-8E19-7D50901BA9AC}.Release|Any CPU.ActiveCfg = Release|Any CPU
		{76F753AB-7A05-4C47-8E19-7D50901BA9AC}.Release|Any CPU.Build.0 = Release|Any CPU
	EndGlobalSection
	GlobalSection(SolutionProperties) = preSolution
		HideSolutionNode = FALSE
	EndGlobalSection
	GlobalSection(ExtensibilityGlobals) = postSolution
		SolutionGuid = {7C1613FC-A97C-4DCA-9F34-3929A8F6F2A9}
	EndGlobalSection
EndGlobal
